// !$*UTF8*$!
{
	archiveVersion = 1;
	classes = {
	};
	objectVersion = 77;
	objects = {

/* Begin PBXBuildFile section */
		DC98FA592D127907009D2224 /* Auth in Frameworks */ = {isa = PBXBuildFile; productRef = DC98FA582D127907009D2224 /* Auth */; };
		DC98FA5B2D127907009D2224 /* Functions in Frameworks */ = {isa = PBXBuildFile; productRef = DC98FA5A2D127907009D2224 /* Functions */; };
		DC98FA5D2D127907009D2224 /* PostgREST in Frameworks */ = {isa = PBXBuildFile; productRef = DC98FA5C2D127907009D2224 /* PostgREST */; };
		DC98FA5F2D127907009D2224 /* Realtime in Frameworks */ = {isa = PBXBuildFile; productRef = DC98FA5E2D127907009D2224 /* Realtime */; };
		DC98FA612D127907009D2224 /* Storage in Frameworks */ = {isa = PBXBuildFile; productRef = DC98FA602D127907009D2224 /* Storage */; };
		DC98FA632D127907009D2224 /* Supabase in Frameworks */ = {isa = PBXBuildFile; productRef = DC98FA622D127907009D2224 /* Supabase */; };
		DC98FA752D127E19009D2224 /* GoogleSignIn in Frameworks */ = {isa = PBXBuildFile; productRef = DC98FA742D127E19009D2224 /* GoogleSignIn */; };
		DC98FA772D127E19009D2224 /* GoogleSignInSwift in Frameworks */ = {isa = PBXBuildFile; productRef = DC98FA762D127E19009D2224 /* GoogleSignInSwift */; };
/* End PBXBuildFile section */

/* Begin PBXContainerItemProxy section */
		DC7D65662D126ADF00839A6E /* PBXContainerItemProxy */ = {
			isa = PBXContainerItemProxy;
			containerPortal = DC7D654D2D126ADD00839A6E /* Project object */;
			proxyType = 1;
			remoteGlobalIDString = DC7D65542D126ADD00839A6E;
			remoteInfo = BuddyCheck;
		};
		DC7D65702D126ADF00839A6E /* PBXContainerItemProxy */ = {
			isa = PBXContainerItemProxy;
			containerPortal = DC7D654D2D126ADD00839A6E /* Project object */;
			proxyType = 1;
			remoteGlobalIDString = DC7D65542D126ADD00839A6E;
			remoteInfo = BuddyCheck;
		};
/* End PBXContainerItemProxy section */

/* Begin PBXFileReference section */
		DC7D65552D126ADD00839A6E /* BuddyCheck.app */ = {isa = PBXFileReference; explicitFileType = wrapper.application; includeInIndex = 0; path = BuddyCheck.app; sourceTree = BUILT_PRODUCTS_DIR; };
		DC7D65652D126ADF00839A6E /* BuddyCheckTests.xctest */ = {isa = PBXFileReference; explicitFileType = wrapper.cfbundle; includeInIndex = 0; path = BuddyCheckTests.xctest; sourceTree = BUILT_PRODUCTS_DIR; };
		DC7D656F2D126ADF00839A6E /* BuddyCheckUITests.xctest */ = {isa = PBXFileReference; explicitFileType = wrapper.cfbundle; includeInIndex = 0; path = BuddyCheckUITests.xctest; sourceTree = BUILT_PRODUCTS_DIR; };
/* End PBXFileReference section */

/* Begin PBXFileSystemSynchronizedBuildFileExceptionSet section */
		DC2605BC2D132F5C00DB2281 /* Exceptions for "BuddyCheck" folder in "BuddyCheck" target */ = {
			isa = PBXFileSystemSynchronizedBuildFileExceptionSet;
			membershipExceptions = (
				Info.plist,
			);
			target = DC7D65542D126ADD00839A6E /* BuddyCheck */;
		};
/* End PBXFileSystemSynchronizedBuildFileExceptionSet section */

/* Begin PBXFileSystemSynchronizedRootGroup section */
		DC7D65572D126ADD00839A6E /* BuddyCheck */ = {
			isa = PBXFileSystemSynchronizedRootGroup;
			exceptions = (
				DC2605BC2D132F5C00DB2281 /* Exceptions for "BuddyCheck" folder in "BuddyCheck" target */,
			);
			path = BuddyCheck;
			sourceTree = "<group>";
		};
		DC7D65682D126ADF00839A6E /* BuddyCheckTests */ = {
			isa = PBXFileSystemSynchronizedRootGroup;
			path = BuddyCheckTests;
			sourceTree = "<group>";
		};
		DC7D65722D126ADF00839A6E /* BuddyCheckUITests */ = {
			isa = PBXFileSystemSynchronizedRootGroup;
			path = BuddyCheckUITests;
			sourceTree = "<group>";
		};
/* End PBXFileSystemSynchronizedRootGroup section */

/* Begin PBXFrameworksBuildPhase section */
		DC7D65522D126ADD00839A6E /* Frameworks */ = {
			isa = PBXFrameworksBuildPhase;
			buildActionMask = 2147483647;
			files = (
				DC98FA5D2D127907009D2224 /* PostgREST in Frameworks */,
				DC98FA5B2D127907009D2224 /* Functions in Frameworks */,
				DC98FA632D127907009D2224 /* Supabase in Frameworks */,
				DC98FA772D127E19009D2224 /* GoogleSignInSwift in Frameworks */,
				DC98FA592D127907009D2224 /* Auth in Frameworks */,
				DC98FA612D127907009D2224 /* Storage in Frameworks */,
				DC98FA5F2D127907009D2224 /* Realtime in Frameworks */,
				DC98FA752D127E19009D2224 /* GoogleSignIn in Frameworks */,
			);
			runOnlyForDeploymentPostprocessing = 0;
		};
		DC7D65622D126ADF00839A6E /* Frameworks */ = {
			isa = PBXFrameworksBuildPhase;
			buildActionMask = 2147483647;
			files = (
			);
			runOnlyForDeploymentPostprocessing = 0;
		};
		DC7D656C2D126ADF00839A6E /* Frameworks */ = {
			isa = PBXFrameworksBuildPhase;
			buildActionMask = 2147483647;
			files = (
			);
			runOnlyForDeploymentPostprocessing = 0;
		};
/* End PBXFrameworksBuildPhase section */

/* Begin PBXGroup section */
		DC7D654C2D126ADD00839A6E = {
			isa = PBXGroup;
			children = (
				DC7D65572D126ADD00839A6E /* BuddyCheck */,
				DC7D65682D126ADF00839A6E /* BuddyCheckTests */,
				DC7D65722D126ADF00839A6E /* BuddyCheckUITests */,
				DC7D65562D126ADD00839A6E /* Products */,
			);
			sourceTree = "<group>";
		};
		DC7D65562D126ADD00839A6E /* Products */ = {
			isa = PBXGroup;
			children = (
				DC7D65552D126ADD00839A6E /* BuddyCheck.app */,
				DC7D65652D126ADF00839A6E /* BuddyCheckTests.xctest */,
				DC7D656F2D126ADF00839A6E /* BuddyCheckUITests.xctest */,
			);
			name = Products;
			sourceTree = "<group>";
		};
/* End PBXGroup section */

/* Begin PBXNativeTarget section */
		DC7D65542D126ADD00839A6E /* BuddyCheck */ = {
			isa = PBXNativeTarget;
			buildConfigurationList = DC7D65792D126ADF00839A6E /* Build configuration list for PBXNativeTarget "BuddyCheck" */;
			buildPhases = (
				DC7D65512D126ADD00839A6E /* Sources */,
				DC7D65522D126ADD00839A6E /* Frameworks */,
				DC7D65532D126ADD00839A6E /* Resources */,
			);
			buildRules = (
			);
			dependencies = (
			);
			fileSystemSynchronizedGroups = (
				DC7D65572D126ADD00839A6E /* BuddyCheck */,
			);
			name = BuddyCheck;
			packageProductDependencies = (
				DC98FA582D127907009D2224 /* Auth */,
				DC98FA5A2D127907009D2224 /* Functions */,
				DC98FA5C2D127907009D2224 /* PostgREST */,
				DC98FA5E2D127907009D2224 /* Realtime */,
				DC98FA602D127907009D2224 /* Storage */,
				DC98FA622D127907009D2224 /* Supabase */,
				DC98FA742D127E19009D2224 /* GoogleSignIn */,
				DC98FA762D127E19009D2224 /* GoogleSignInSwift */,
			);
			productName = BuddyCheck;
			productReference = DC7D65552D126ADD00839A6E /* BuddyCheck.app */;
			productType = "com.apple.product-type.application";
		};
		DC7D65642D126ADF00839A6E /* BuddyCheckTests */ = {
			isa = PBXNativeTarget;
			buildConfigurationList = DC7D657C2D126ADF00839A6E /* Build configuration list for PBXNativeTarget "BuddyCheckTests" */;
			buildPhases = (
				DC7D65612D126ADF00839A6E /* Sources */,
				DC7D65622D126ADF00839A6E /* Frameworks */,
				DC7D65632D126ADF00839A6E /* Resources */,
			);
			buildRules = (
			);
			dependencies = (
				DC7D65672D126ADF00839A6E /* PBXTargetDependency */,
			);
			fileSystemSynchronizedGroups = (
				DC7D65682D126ADF00839A6E /* BuddyCheckTests */,
			);
			name = BuddyCheckTests;
			packageProductDependencies = (
			);
			productName = BuddyCheckTests;
			productReference = DC7D65652D126ADF00839A6E /* BuddyCheckTests.xctest */;
			productType = "com.apple.product-type.bundle.unit-test";
		};
		DC7D656E2D126ADF00839A6E /* BuddyCheckUITests */ = {
			isa = PBXNativeTarget;
			buildConfigurationList = DC7D657F2D126ADF00839A6E /* Build configuration list for PBXNativeTarget "BuddyCheckUITests" */;
			buildPhases = (
				DC7D656B2D126ADF00839A6E /* Sources */,
				DC7D656C2D126ADF00839A6E /* Frameworks */,
				DC7D656D2D126ADF00839A6E /* Resources */,
			);
			buildRules = (
			);
			dependencies = (
				DC7D65712D126ADF00839A6E /* PBXTargetDependency */,
			);
			fileSystemSynchronizedGroups = (
				DC7D65722D126ADF00839A6E /* BuddyCheckUITests */,
			);
			name = BuddyCheckUITests;
			packageProductDependencies = (
			);
			productName = BuddyCheckUITests;
			productReference = DC7D656F2D126ADF00839A6E /* BuddyCheckUITests.xctest */;
			productType = "com.apple.product-type.bundle.ui-testing";
		};
/* End PBXNativeTarget section */

/* Begin PBXProject section */
		DC7D654D2D126ADD00839A6E /* Project object */ = {
			isa = PBXProject;
			attributes = {
				BuildIndependentTargetsInParallel = 1;
				LastSwiftUpdateCheck = 1620;
				LastUpgradeCheck = 1620;
				TargetAttributes = {
					DC7D65542D126ADD00839A6E = {
						CreatedOnToolsVersion = 16.2;
					};
					DC7D65642D126ADF00839A6E = {
						CreatedOnToolsVersion = 16.2;
						TestTargetID = DC7D65542D126ADD00839A6E;
					};
					DC7D656E2D126ADF00839A6E = {
						CreatedOnToolsVersion = 16.2;
						TestTargetID = DC7D65542D126ADD00839A6E;
					};
				};
			};
			buildConfigurationList = DC7D65502D126ADD00839A6E /* Build configuration list for PBXProject "BuddyCheck" */;
			developmentRegion = en;
			hasScannedForEncodings = 0;
			knownRegions = (
				en,
				Base,
			);
			mainGroup = DC7D654C2D126ADD00839A6E;
			minimizedProjectReferenceProxies = 1;
			packageReferences = (
				DC98FA572D127907009D2224 /* XCRemoteSwiftPackageReference "supabase-swift" */,
				DC98FA732D127E18009D2224 /* XCRemoteSwiftPackageReference "GoogleSignIn-iOS" */,
			);
			preferredProjectObjectVersion = 77;
			productRefGroup = DC7D65562D126ADD00839A6E /* Products */;
			projectDirPath = "";
			projectRoot = "";
			targets = (
				DC7D65542D126ADD00839A6E /* BuddyCheck */,
				DC7D65642D126ADF00839A6E /* BuddyCheckTests */,
				DC7D656E2D126ADF00839A6E /* BuddyCheckUITests */,
			);
		};
/* End PBXProject section */

/* Begin PBXResourcesBuildPhase section */
		DC7D65532D126ADD00839A6E /* Resources */ = {
			isa = PBXResourcesBuildPhase;
			buildActionMask = 2147483647;
			files = (
			);
			runOnlyForDeploymentPostprocessing = 0;
		};
		DC7D65632D126ADF00839A6E /* Resources */ = {
			isa = PBXResourcesBuildPhase;
			buildActionMask = 2147483647;
			files = (
			);
			runOnlyForDeploymentPostprocessing = 0;
		};
		DC7D656D2D126ADF00839A6E /* Resources */ = {
			isa = PBXResourcesBuildPhase;
			buildActionMask = 2147483647;
			files = (
			);
			runOnlyForDeploymentPostprocessing = 0;
		};
/* End PBXResourcesBuildPhase section */

/* Begin PBXSourcesBuildPhase section */
		DC7D65512D126ADD00839A6E /* Sources */ = {
			isa = PBXSourcesBuildPhase;
			buildActionMask = 2147483647;
			files = (
			);
			runOnlyForDeploymentPostprocessing = 0;
		};
		DC7D65612D126ADF00839A6E /* Sources */ = {
			isa = PBXSourcesBuildPhase;
			buildActionMask = 2147483647;
			files = (
			);
			runOnlyForDeploymentPostprocessing = 0;
		};
		DC7D656B2D126ADF00839A6E /* Sources */ = {
			isa = PBXSourcesBuildPhase;
			buildActionMask = 2147483647;
			files = (
			);
			runOnlyForDeploymentPostprocessing = 0;
		};
/* End PBXSourcesBuildPhase section */

/* Begin PBXTargetDependency section */
		DC7D65672D126ADF00839A6E /* PBXTargetDependency */ = {
			isa = PBXTargetDependency;
			target = DC7D65542D126ADD00839A6E /* BuddyCheck */;
			targetProxy = DC7D65662D126ADF00839A6E /* PBXContainerItemProxy */;
		};
		DC7D65712D126ADF00839A6E /* PBXTargetDependency */ = {
			isa = PBXTargetDependency;
			target = DC7D65542D126ADD00839A6E /* BuddyCheck */;
			targetProxy = DC7D65702D126ADF00839A6E /* PBXContainerItemProxy */;
		};
/* End PBXTargetDependency section */

/* Begin XCBuildConfiguration section */
		DC7D65772D126ADF00839A6E /* Debug */ = {
			isa = XCBuildConfiguration;
			buildSettings = {
				ALWAYS_SEARCH_USER_PATHS = NO;
				ASSETCATALOG_COMPILER_GENERATE_SWIFT_ASSET_SYMBOL_EXTENSIONS = YES;
				CLANG_ANALYZER_NONNULL = YES;
				CLANG_ANALYZER_NUMBER_OBJECT_CONVERSION = YES_AGGRESSIVE;
				CLANG_CXX_LANGUAGE_STANDARD = "gnu++20";
				CLANG_ENABLE_MODULES = YES;
				CLANG_ENABLE_OBJC_ARC = YES;
				CLANG_ENABLE_OBJC_WEAK = YES;
				CLANG_WARN_BLOCK_CAPTURE_AUTORELEASING = YES;
				CLANG_WARN_BOOL_CONVERSION = YES;
				CLANG_WARN_COMMA = YES;
				CLANG_WARN_CONSTANT_CONVERSION = YES;
				CLANG_WARN_DEPRECATED_OBJC_IMPLEMENTATIONS = YES;
				CLANG_WARN_DIRECT_OBJC_ISA_USAGE = YES_ERROR;
				CLANG_WARN_DOCUMENTATION_COMMENTS = YES;
				CLANG_WARN_EMPTY_BODY = YES;
				CLANG_WARN_ENUM_CONVERSION = YES;
				CLANG_WARN_INFINITE_RECURSION = YES;
				CLANG_WARN_INT_CONVERSION = YES;
				CLANG_WARN_NON_LITERAL_NULL_CONVERSION = YES;
				CLANG_WARN_OBJC_IMPLICIT_RETAIN_SELF = YES;
				CLANG_WARN_OBJC_LITERAL_CONVERSION = YES;
				CLANG_WARN_OBJC_ROOT_CLASS = YES_ERROR;
				CLANG_WARN_QUOTED_INCLUDE_IN_FRAMEWORK_HEADER = YES;
				CLANG_WARN_RANGE_LOOP_ANALYSIS = YES;
				CLANG_WARN_STRICT_PROTOTYPES = YES;
				CLANG_WARN_SUSPICIOUS_MOVE = YES;
				CLANG_WARN_UNGUARDED_AVAILABILITY = YES_AGGRESSIVE;
				CLANG_WARN_UNREACHABLE_CODE = YES;
				CLANG_WARN__DUPLICATE_METHOD_MATCH = YES;
				COPY_PHASE_STRIP = NO;
				DEBUG_INFORMATION_FORMAT = dwarf;
				ENABLE_STRICT_OBJC_MSGSEND = YES;
				ENABLE_TESTABILITY = YES;
				ENABLE_USER_SCRIPT_SANDBOXING = YES;
				GCC_C_LANGUAGE_STANDARD = gnu17;
				GCC_DYNAMIC_NO_PIC = NO;
				GCC_NO_COMMON_BLOCKS = YES;
				GCC_OPTIMIZATION_LEVEL = 0;
				GCC_PREPROCESSOR_DEFINITIONS = (
					"DEBUG=1",
					"$(inherited)",
				);
				GCC_WARN_64_TO_32_BIT_CONVERSION = YES;
				GCC_WARN_ABOUT_RETURN_TYPE = YES_ERROR;
				GCC_WARN_UNDECLARED_SELECTOR = YES;
				GCC_WARN_UNINITIALIZED_AUTOS = YES_AGGRESSIVE;
				GCC_WARN_UNUSED_FUNCTION = YES;
				GCC_WARN_UNUSED_VARIABLE = YES;
				IPHONEOS_DEPLOYMENT_TARGET = 18.2;
				LOCALIZATION_PREFERS_STRING_CATALOGS = YES;
				MTL_ENABLE_DEBUG_INFO = INCLUDE_SOURCE;
				MTL_FAST_MATH = YES;
				ONLY_ACTIVE_ARCH = YES;
				SDKROOT = iphoneos;
				SWIFT_ACTIVE_COMPILATION_CONDITIONS = "DEBUG $(inherited)";
				SWIFT_OPTIMIZATION_LEVEL = "-Onone";
			};
			name = Debug;
		};
		DC7D65782D126ADF00839A6E /* Release */ = {
			isa = XCBuildConfiguration;
			buildSettings = {
				ALWAYS_SEARCH_USER_PATHS = NO;
				ASSETCATALOG_COMPILER_GENERATE_SWIFT_ASSET_SYMBOL_EXTENSIONS = YES;
				CLANG_ANALYZER_NONNULL = YES;
				CLANG_ANALYZER_NUMBER_OBJECT_CONVERSION = YES_AGGRESSIVE;
				CLANG_CXX_LANGUAGE_STANDARD = "gnu++20";
				CLANG_ENABLE_MODULES = YES;
				CLANG_ENABLE_OBJC_ARC = YES;
				CLANG_ENABLE_OBJC_WEAK = YES;
				CLANG_WARN_BLOCK_CAPTURE_AUTORELEASING = YES;
				CLANG_WARN_BOOL_CONVERSION = YES;
				CLANG_WARN_COMMA = YES;
				CLANG_WARN_CONSTANT_CONVERSION = YES;
				CLANG_WARN_DEPRECATED_OBJC_IMPLEMENTATIONS = YES;
				CLANG_WARN_DIRECT_OBJC_ISA_USAGE = YES_ERROR;
				CLANG_WARN_DOCUMENTATION_COMMENTS = YES;
				CLANG_WARN_EMPTY_BODY = YES;
				CLANG_WARN_ENUM_CONVERSION = YES;
				CLANG_WARN_INFINITE_RECURSION = YES;
				CLANG_WARN_INT_CONVERSION = YES;
				CLANG_WARN_NON_LITERAL_NULL_CONVERSION = YES;
				CLANG_WARN_OBJC_IMPLICIT_RETAIN_SELF = YES;
				CLANG_WARN_OBJC_LITERAL_CONVERSION = YES;
				CLANG_WARN_OBJC_ROOT_CLASS = YES_ERROR;
				CLANG_WARN_QUOTED_INCLUDE_IN_FRAMEWORK_HEADER = YES;
				CLANG_WARN_RANGE_LOOP_ANALYSIS = YES;
				CLANG_WARN_STRICT_PROTOTYPES = YES;
				CLANG_WARN_SUSPICIOUS_MOVE = YES;
				CLANG_WARN_UNGUARDED_AVAILABILITY = YES_AGGRESSIVE;
				CLANG_WARN_UNREACHABLE_CODE = YES;
				CLANG_WARN__DUPLICATE_METHOD_MATCH = YES;
				COPY_PHASE_STRIP = NO;
				DEBUG_INFORMATION_FORMAT = "dwarf-with-dsym";
				ENABLE_NS_ASSERTIONS = NO;
				ENABLE_STRICT_OBJC_MSGSEND = YES;
				ENABLE_USER_SCRIPT_SANDBOXING = YES;
				GCC_C_LANGUAGE_STANDARD = gnu17;
				GCC_NO_COMMON_BLOCKS = YES;
				GCC_WARN_64_TO_32_BIT_CONVERSION = YES;
				GCC_WARN_ABOUT_RETURN_TYPE = YES_ERROR;
				GCC_WARN_UNDECLARED_SELECTOR = YES;
				GCC_WARN_UNINITIALIZED_AUTOS = YES_AGGRESSIVE;
				GCC_WARN_UNUSED_FUNCTION = YES;
				GCC_WARN_UNUSED_VARIABLE = YES;
				IPHONEOS_DEPLOYMENT_TARGET = 18.2;
				LOCALIZATION_PREFERS_STRING_CATALOGS = YES;
				MTL_ENABLE_DEBUG_INFO = NO;
				MTL_FAST_MATH = YES;
				SDKROOT = iphoneos;
				SWIFT_COMPILATION_MODE = wholemodule;
				VALIDATE_PRODUCT = YES;
			};
			name = Release;
		};
		DC7D657A2D126ADF00839A6E /* Debug */ = {
			isa = XCBuildConfiguration;
			buildSettings = {
				ASSETCATALOG_COMPILER_APPICON_NAME = AppIcon;
				ASSETCATALOG_COMPILER_GLOBAL_ACCENT_COLOR_NAME = AccentColor;
				CODE_SIGN_STYLE = Automatic;
				CURRENT_PROJECT_VERSION = 1;
				DEVELOPMENT_ASSET_PATHS = "\"BuddyCheck/Preview Content\"";
				DEVELOPMENT_TEAM = WCDE9ADHH8;
				ENABLE_PREVIEWS = YES;
				GENERATE_INFOPLIST_FILE = YES;
				INFOPLIST_FILE = BuddyCheck/Info.plist;
				INFOPLIST_KEY_LSApplicationCategoryType = "public.app-category.productivity";
				INFOPLIST_KEY_UIApplicationSceneManifest_Generation = YES;
				INFOPLIST_KEY_UIApplicationSupportsIndirectInputEvents = YES;
				INFOPLIST_KEY_UILaunchScreen_Generation = YES;
				INFOPLIST_KEY_UISupportedInterfaceOrientations = UIInterfaceOrientationPortrait;
				LD_RUNPATH_SEARCH_PATHS = (
					"$(inherited)",
					"@executable_path/Frameworks",
				);
				MARKETING_VERSION = 1.0;
				PRODUCT_BUNDLE_IDENTIFIER = jpn.BuddyCheckApp;
				PRODUCT_NAME = "$(TARGET_NAME)";
				SUPPORTED_PLATFORMS = "iphoneos iphonesimulator";
				SUPPORTS_MACCATALYST = NO;
				SUPPORTS_MAC_DESIGNED_FOR_IPHONE_IPAD = NO;
				SUPPORTS_XR_DESIGNED_FOR_IPHONE_IPAD = NO;
				SWIFT_EMIT_LOC_STRINGS = YES;
				SWIFT_VERSION = 5.0;
				TARGETED_DEVICE_FAMILY = 1;
			};
			name = Debug;
		};
		DC7D657B2D126ADF00839A6E /* Release */ = {
			isa = XCBuildConfiguration;
			buildSettings = {
				ASSETCATALOG_COMPILER_APPICON_NAME = AppIcon;
				ASSETCATALOG_COMPILER_GLOBAL_ACCENT_COLOR_NAME = AccentColor;
				CODE_SIGN_STYLE = Automatic;
				CURRENT_PROJECT_VERSION = 1;
				DEVELOPMENT_ASSET_PATHS = "\"BuddyCheck/Preview Content\"";
				DEVELOPMENT_TEAM = WCDE9ADHH8;
				ENABLE_PREVIEWS = YES;
				GENERATE_INFOPLIST_FILE = YES;
				INFOPLIST_FILE = BuddyCheck/Info.plist;
				INFOPLIST_KEY_LSApplicationCategoryType = "public.app-category.productivity";
				INFOPLIST_KEY_UIApplicationSceneManifest_Generation = YES;
				INFOPLIST_KEY_UIApplicationSupportsIndirectInputEvents = YES;
				INFOPLIST_KEY_UILaunchScreen_Generation = YES;
				INFOPLIST_KEY_UISupportedInterfaceOrientations = UIInterfaceOrientationPortrait;
				LD_RUNPATH_SEARCH_PATHS = (
					"$(inherited)",
					"@executable_path/Frameworks",
				);
				MARKETING_VERSION = 1.0;
				PRODUCT_BUNDLE_IDENTIFIER = jpn.BuddyCheckApp;
				PRODUCT_NAME = "$(TARGET_NAME)";
				SUPPORTED_PLATFORMS = "iphoneos iphonesimulator";
				SUPPORTS_MACCATALYST = NO;
				SUPPORTS_MAC_DESIGNED_FOR_IPHONE_IPAD = NO;
				SUPPORTS_XR_DESIGNED_FOR_IPHONE_IPAD = NO;
				SWIFT_EMIT_LOC_STRINGS = YES;
				SWIFT_VERSION = 5.0;
				TARGETED_DEVICE_FAMILY = 1;
			};
			name = Release;
		};
		DC7D657D2D126ADF00839A6E /* Debug */ = {
			isa = XCBuildConfiguration;
			buildSettings = {
				BUNDLE_LOADER = "$(TEST_HOST)";
				CODE_SIGN_STYLE = Automatic;
				CURRENT_PROJECT_VERSION = 1;
				DEVELOPMENT_TEAM = 9X945ZDXM2;
				GENERATE_INFOPLIST_FILE = YES;
				IPHONEOS_DEPLOYMENT_TARGET = 18.2;
				MARKETING_VERSION = 1.0;
				PRODUCT_BUNDLE_IDENTIFIER = jpn.BuddyCheckTests;
				PRODUCT_NAME = "$(TARGET_NAME)";
				SWIFT_EMIT_LOC_STRINGS = NO;
				SWIFT_VERSION = 5.0;
				TARGETED_DEVICE_FAMILY = "1,2";
				TEST_HOST = "$(BUILT_PRODUCTS_DIR)/BuddyCheck.app/$(BUNDLE_EXECUTABLE_FOLDER_PATH)/BuddyCheck";
			};
			name = Debug;
		};
		DC7D657E2D126ADF00839A6E /* Release */ = {
			isa = XCBuildConfiguration;
			buildSettings = {
				BUNDLE_LOADER = "$(TEST_HOST)";
				CODE_SIGN_STYLE = Automatic;
				CURRENT_PROJECT_VERSION = 1;
				DEVELOPMENT_TEAM = 9X945ZDXM2;
				GENERATE_INFOPLIST_FILE = YES;
				IPHONEOS_DEPLOYMENT_TARGET = 18.2;
				MARKETING_VERSION = 1.0;
				PRODUCT_BUNDLE_IDENTIFIER = jpn.BuddyCheckTests;
				PRODUCT_NAME = "$(TARGET_NAME)";
				SWIFT_EMIT_LOC_STRINGS = NO;
				SWIFT_VERSION = 5.0;
				TARGETED_DEVICE_FAMILY = "1,2";
				TEST_HOST = "$(BUILT_PRODUCTS_DIR)/BuddyCheck.app/$(BUNDLE_EXECUTABLE_FOLDER_PATH)/BuddyCheck";
			};
			name = Release;
		};
		DC7D65802D126ADF00839A6E /* Debug */ = {
			isa = XCBuildConfiguration;
			buildSettings = {
				CODE_SIGN_STYLE = Automatic;
				CURRENT_PROJECT_VERSION = 1;
				DEVELOPMENT_TEAM = 9X945ZDXM2;
				GENERATE_INFOPLIST_FILE = YES;
				MARKETING_VERSION = 1.0;
				PRODUCT_BUNDLE_IDENTIFIER = jpn.BuddyCheckUITests;
				PRODUCT_NAME = "$(TARGET_NAME)";
				SWIFT_EMIT_LOC_STRINGS = NO;
				SWIFT_VERSION = 5.0;
				TARGETED_DEVICE_FAMILY = "1,2";
				TEST_TARGET_NAME = BuddyCheck;
			};
			name = Debug;
		};
		DC7D65812D126ADF00839A6E /* Release */ = {
			isa = XCBuildConfiguration;
			buildSettings = {
				CODE_SIGN_STYLE = Automatic;
				CURRENT_PROJECT_VERSION = 1;
				DEVELOPMENT_TEAM = 9X945ZDXM2;
				GENERATE_INFOPLIST_FILE = YES;
				MARKETING_VERSION = 1.0;
				PRODUCT_BUNDLE_IDENTIFIER = jpn.BuddyCheckUITests;
				PRODUCT_NAME = "$(TARGET_NAME)";
				SWIFT_EMIT_LOC_STRINGS = NO;
				SWIFT_VERSION = 5.0;
				TARGETED_DEVICE_FAMILY = "1,2";
				TEST_TARGET_NAME = BuddyCheck;
			};
			name = Release;
		};
/* End XCBuildConfiguration section */

/* Begin XCConfigurationList section */
		DC7D65502D126ADD00839A6E /* Build configuration list for PBXProject "BuddyCheck" */ = {
			isa = XCConfigurationList;
			buildConfigurations = (
				DC7D65772D126ADF00839A6E /* Debug */,
				DC7D65782D126ADF00839A6E /* Release */,
			);
			defaultConfigurationIsVisible = 0;
			defaultConfigurationName = Release;
		};
		DC7D65792D126ADF00839A6E /* Build configuration list for PBXNativeTarget "BuddyCheck" */ = {
			isa = XCConfigurationList;
			buildConfigurations = (
				DC7D657A2D126ADF00839A6E /* Debug */,
				DC7D657B2D126ADF00839A6E /* Release */,
			);
			defaultConfigurationIsVisible = 0;
			defaultConfigurationName = Release;
		};
		DC7D657C2D126ADF00839A6E /* Build configuration list for PBXNativeTarget "BuddyCheckTests" */ = {
			isa = XCConfigurationList;
			buildConfigurations = (
				DC7D657D2D126ADF00839A6E /* Debug */,
				DC7D657E2D126ADF00839A6E /* Release */,
			);
			defaultConfigurationIsVisible = 0;
			defaultConfigurationName = Release;
		};
		DC7D657F2D126ADF00839A6E /* Build configuration list for PBXNativeTarget "BuddyCheckUITests" */ = {
			isa = XCConfigurationList;
			buildConfigurations = (
				DC7D65802D126ADF00839A6E /* Debug */,
				DC7D65812D126ADF00839A6E /* Release */,
			);
			defaultConfigurationIsVisible = 0;
			defaultConfigurationName = Release;
		};
/* End XCConfigurationList section */

/* Begin XCRemoteSwiftPackageReference section */
		DC98FA572D127907009D2224 /* XCRemoteSwiftPackageReference "supabase-swift" */ = {
			isa = XCRemoteSwiftPackageReference;
			repositoryURL = "https://github.com/supabase/supabase-swift.git";
			requirement = {
				kind = upToNextMajorVersion;
				minimumVersion = 2.5.1;
			};
		};
		DC98FA732D127E18009D2224 /* XCRemoteSwiftPackageReference "GoogleSignIn-iOS" */ = {
			isa = XCRemoteSwiftPackageReference;
			repositoryURL = "https://github.com/google/GoogleSignIn-iOS.git";
			requirement = {
				kind = upToNextMajorVersion;
				minimumVersion = 8.0.0;
			};
		};
/* End XCRemoteSwiftPackageReference section */

/* Begin XCSwiftPackageProductDependency section */
		DC98FA582D127907009D2224 /* Auth */ = {
			isa = XCSwiftPackageProductDependency;
			package = DC98FA572D127907009D2224 /* XCRemoteSwiftPackageReference "supabase-swift" */;
			productName = Auth;
		};
		DC98FA5A2D127907009D2224 /* Functions */ = {
			isa = XCSwiftPackageProductDependency;
			package = DC98FA572D127907009D2224 /* XCRemoteSwiftPackageReference "supabase-swift" */;
			productName = Functions;
		};
		DC98FA5C2D127907009D2224 /* PostgREST */ = {
			isa = XCSwiftPackageProductDependency;
			package = DC98FA572D127907009D2224 /* XCRemoteSwiftPackageReference "supabase-swift" */;
			productName = PostgREST;
		};
		DC98FA5E2D127907009D2224 /* Realtime */ = {
			isa = XCSwiftPackageProductDependency;
			package = DC98FA572D127907009D2224 /* XCRemoteSwiftPackageReference "supabase-swift" */;
			productName = Realtime;
		};
		DC98FA602D127907009D2224 /* Storage */ = {
			isa = XCSwiftPackageProductDependency;
			package = DC98FA572D127907009D2224 /* XCRemoteSwiftPackageReference "supabase-swift" */;
			productName = Storage;
		};
		DC98FA622D127907009D2224 /* Supabase */ = {
			isa = XCSwiftPackageProductDependency;
			package = DC98FA572D127907009D2224 /* XCRemoteSwiftPackageReference "supabase-swift" */;
			productName = Supabase;
		};
		DC98FA742D127E19009D2224 /* GoogleSignIn */ = {
			isa = XCSwiftPackageProductDependency;
			package = DC98FA732D127E18009D2224 /* XCRemoteSwiftPackageReference "GoogleSignIn-iOS" */;
			productName = GoogleSignIn;
		};
		DC98FA762D127E19009D2224 /* GoogleSignInSwift */ = {
			isa = XCSwiftPackageProductDependency;
			package = DC98FA732D127E18009D2224 /* XCRemoteSwiftPackageReference "GoogleSignIn-iOS" */;
			productName = GoogleSignInSwift;
		};
/* End XCSwiftPackageProductDependency section */
	};
	rootObject = DC7D654D2D126ADD00839A6E /* Project object */;
}
